
Microsoft Visual Studio Solution File, Format Version 12.00
# Visual Studio 2013
VisualStudioVersion = 12.0.31101.0
MinimumVisualStudioVersion = 10.0.40219.1
Project("{FAE04EC0-301F-11D3-BF4B-00C04F79EFBC}") = "01.ExchangeIfGreater", "01.ExchangeIfGreater\01.ExchangeIfGreater.csproj", "{504DEDCB-6FA4-4EAF-8303-D6685AEA18A3}"
EndProject
Project("{FAE04EC0-301F-11D3-BF4B-00C04F79EFBC}") = "02.BonusScore", "02.BonusScore\02.BonusScore.csproj", "{B6C6F4A8-D0C6-4083-A7BC-79DFD6F03C1A}"
EndProject
Project("{FAE04EC0-301F-11D3-BF4B-00C04F79EFBC}") = "03.CheckPlayCard", "03.CheckPlayCard\03.CheckPlayCard.csproj", "{A159C92F-860C-4C16-AA91-9F61842ADB7C}"
EndProject
Project("{FAE04EC0-301F-11D3-BF4B-00C04F79EFBC}") = "04.MultiplicationSign", "04.MultiplicationSign\04.MultiplicationSign.csproj", "{7F5F4F80-5A32-4713-816F-DCA46383DFBA}"
EndProject
Project("{FAE04EC0-301F-11D3-BF4B-00C04F79EFBC}") = "05.TheBiggestValueCheck", "05.TheBiggestValueCheck\05.TheBiggestValueCheck.csproj", "{88926541-6265-468F-825D-062B2308EA5B}"
EndProject
Project("{FAE04EC0-301F-11D3-BF4B-00C04F79EFBC}") = "06.TheBiggestOfFiveNum", "06.TheBiggestOfFiveNum\06.TheBiggestOfFiveNum.csproj", "{AD30F8FB-267C-4803-8F30-D2F100B2C5E0}"
EndProject
Project("{FAE04EC0-301F-11D3-BF4B-00C04F79EFBC}") = "07.DescendingOrder", "07.DescendingOrder\07.DescendingOrder.csproj", "{C5B54141-2307-4905-9FF8-BEE178BEA7F8}"
EndProject
Project("{FAE04EC0-301F-11D3-BF4B-00C04F79EFBC}") = "08.DigitAsWord", "08.DigitAsWord\08.DigitAsWord.csproj", "{1A060202-7CA2-461A-BED9-DAEA6B2091E7}"
EndProject
Project("{FAE04EC0-301F-11D3-BF4B-00C04F79EFBC}") = "09.IntDoubleStr", "09.IntDoubleStr\09.IntDoubleStr.csproj", "{41EC3890-63E5-4AC4-A737-B816FE93D479}"
EndProject
Project("{FAE04EC0-301F-11D3-BF4B-00C04F79EFBC}") = "10.BeerTime", "10.BeerTime\10.BeerTime.csproj", "{B43AE1D8-4DB5-469D-8889-DB530308523C}"
EndProject
Project("{FAE04EC0-301F-11D3-BF4B-00C04F79EFBC}") = "11.NumberAsWords", "11.NumberAsWords\11.NumberAsWords.csproj", "{6867B442-5D2A-4921-8135-8CB9E179FC58}"
EndProject
Project("{FAE04EC0-301F-11D3-BF4B-00C04F79EFBC}") = "12.ZeroSubset", "12.ZeroSubset\12.ZeroSubset.csproj", "{B14806DA-625D-4568-B8F2-AC0BB0F44C39}"
EndProject
Global
	GlobalSection(SolutionConfigurationPlatforms) = preSolution
		Debug|Any CPU = Debug|Any CPU
		Release|Any CPU = Release|Any CPU
	EndGlobalSection
	GlobalSection(ProjectConfigurationPlatforms) = postSolution
		{504DEDCB-6FA4-4EAF-8303-D6685AEA18A3}.Debug|Any CPU.ActiveCfg = Debug|Any CPU
		{504DEDCB-6FA4-4EAF-8303-D6685AEA18A3}.Debug|Any CPU.Build.0 = Debug|Any CPU
		{504DEDCB-6FA4-4EAF-8303-D6685AEA18A3}.Release|Any CPU.ActiveCfg = Release|Any CPU
		{504DEDCB-6FA4-4EAF-8303-D6685AEA18A3}.Release|Any CPU.Build.0 = Release|Any CPU
		{B6C6F4A8-D0C6-4083-A7BC-79DFD6F03C1A}.Debug|Any CPU.ActiveCfg = Debug|Any CPU
		{B6C6F4A8-D0C6-4083-A7BC-79DFD6F03C1A}.Debug|Any CPU.Build.0 = Debug|Any CPU
		{B6C6F4A8-D0C6-4083-A7BC-79DFD6F03C1A}.Release|Any CPU.ActiveCfg = Release|Any CPU
		{B6C6F4A8-D0C6-4083-A7BC-79DFD6F03C1A}.Release|Any CPU.Build.0 = Release|Any CPU
		{A159C92F-860C-4C16-AA91-9F61842ADB7C}.Debug|Any CPU.ActiveCfg = Debug|Any CPU
		{A159C92F-860C-4C16-AA91-9F61842ADB7C}.Debug|Any CPU.Build.0 = Debug|Any CPU
		{A159C92F-860C-4C16-AA91-9F61842ADB7C}.Release|Any CPU.ActiveCfg = Release|Any CPU
		{A159C92F-860C-4C16-AA91-9F61842ADB7C}.Release|Any CPU.Build.0 = Release|Any CPU
		{7F5F4F80-5A32-4713-816F-DCA46383DFBA}.Debug|Any CPU.ActiveCfg = Debug|Any CPU
		{7F5F4F80-5A32-4713-816F-DCA46383DFBA}.Debug|Any CPU.Build.0 = Debug|Any CPU
		{7F5F4F80-5A32-4713-816F-DCA46383DFBA}.Release|Any CPU.ActiveCfg = Release|Any CPU
		{7F5F4F80-5A32-4713-816F-DCA46383DFBA}.Release|Any CPU.Build.0 = Release|Any CPU
		{88926541-6265-468F-825D-062B2308EA5B}.Debug|Any CPU.ActiveCfg = Debug|Any CPU
		{88926541-6265-468F-825D-062B2308EA5B}.Debug|Any CPU.Build.0 = Debug|Any CPU
		{88926541-6265-468F-825D-062B2308EA5B}.Release|Any CPU.ActiveCfg = Release|Any CPU
		{88926541-6265-468F-825D-062B2308EA5B}.Release|Any CPU.Build.0 = Release|Any CPU
		{AD30F8FB-267C-4803-8F30-D2F100B2C5E0}.Debug|Any CPU.ActiveCfg = Debug|Any CPU
		{AD30F8FB-267C-4803-8F30-D2F100B2C5E0}.Debug|Any CPU.Build.0 = Debug|Any CPU
		{AD30F8FB-267C-4803-8F30-D2F100B2C5E0}.Release|Any CPU.ActiveCfg = Release|Any CPU
		{AD30F8FB-267C-4803-8F30-D2F100B2C5E0}.Release|Any CPU.Build.0 = Release|Any CPU
		{C5B54141-2307-4905-9FF8-BEE178BEA7F8}.Debug|Any CPU.ActiveCfg = Debug|Any CPU
		{C5B54141-2307-4905-9FF8-BEE178BEA7F8}.Debug|Any CPU.Build.0 = Debug|Any CPU
		{C5B54141-2307-4905-9FF8-BEE178BEA7F8}.Release|Any CPU.ActiveCfg = Release|Any CPU
		{C5B54141-2307-4905-9FF8-BEE178BEA7F8}.Release|Any CPU.Build.0 = Release|Any CPU
		{1A060202-7CA2-461A-BED9-DAEA6B2091E7}.Debug|Any CPU.ActiveCfg = Debug|Any CPU
		{1A060202-7CA2-461A-BED9-DAEA6B2091E7}.Debug|Any CPU.Build.0 = Debug|Any CPU
		{1A060202-7CA2-461A-BED9-DAEA6B2091E7}.Release|Any CPU.ActiveCfg = Release|Any CPU
		{1A060202-7CA2-461A-BED9-DAEA6B2091E7}.Release|Any CPU.Build.0 = Release|Any CPU
		{41EC3890-63E5-4AC4-A737-B816FE93D479}.Debug|Any CPU.ActiveCfg = Debug|Any CPU
		{41EC3890-63E5-4AC4-A737-B816FE93D479}.Debug|Any CPU.Build.0 = Debug|Any CPU
		{41EC3890-63E5-4AC4-A737-B816FE93D479}.Release|Any CPU.ActiveCfg = Release|Any CPU
		{41EC3890-63E5-4AC4-A737-B816FE93D479}.Release|Any CPU.Build.0 = Release|Any CPU
		{B43AE1D8-4DB5-469D-8889-DB530308523C}.Debug|Any CPU.ActiveCfg = Debug|Any CPU
		{B43AE1D8-4DB5-469D-8889-DB530308523C}.Debug|Any CPU.Build.0 = Debug|Any CPU
		{B43AE1D8-4DB5-469D-8889-DB530308523C}.Release|Any CPU.ActiveCfg = Release|Any CPU
		{B43AE1D8-4DB5-469D-8889-DB530308523C}.Release|Any CPU.Build.0 = Release|Any CPU
		{6867B442-5D2A-4921-8135-8CB9E179FC58}.Debug|Any CPU.ActiveCfg = Debug|Any CPU
		{6867B442-5D2A-4921-8135-8CB9E179FC58}.Debug|Any CPU.Build.0 = Debug|Any CPU
		{6867B442-5D2A-4921-8135-8CB9E179FC58}.Release|Any CPU.ActiveCfg = Release|Any CPU
		{6867B442-5D2A-4921-8135-8CB9E179FC58}.Release|Any CPU.Build.0 = Release|Any CPU
		{B14806DA-625D-4568-B8F2-AC0BB0F44C39}.Debug|Any CPU.ActiveCfg = Debug|Any CPU
		{B14806DA-625D-4568-B8F2-AC0BB0F44C39}.Debug|Any CPU.Build.0 = Debug|Any CPU
		{B14806DA-625D-4568-B8F2-AC0BB0F44C39}.Release|Any CPU.ActiveCfg = Release|Any CPU
		{B14806DA-625D-4568-B8F2-AC0BB0F44C39}.Release|Any CPU.Build.0 = Release|Any CPU
	EndGlobalSection
	GlobalSection(SolutionProperties) = preSolution
		HideSolutionNode = FALSE
	EndGlobalSection
EndGlobal
