
Microsoft Visual Studio Solution File, Format Version 12.00
# Visual Studio 2013
VisualStudioVersion = 12.0.31101.0
MinimumVisualStudioVersion = 10.0.40219.1
Project("{FAE04EC0-301F-11D3-BF4B-00C04F79EFBC}") = "SchoolClasses", "SchoolClasses\SchoolClasses.csproj", "{4F01F7EA-4017-4591-A805-E91D2F299A5C}"
EndProject
Project("{FAE04EC0-301F-11D3-BF4B-00C04F79EFBC}") = "StudentsAndWorkers", "StudentsAndWorkers\StudentsAndWorkers.csproj", "{3A37EA1C-3BB4-4D6F-A8F0-2BE377CEE273}"
EndProject
Project("{FAE04EC0-301F-11D3-BF4B-00C04F79EFBC}") = "AnimalHierarchy", "AnimalHierarchy\AnimalHierarchy.csproj", "{17FB30E4-AE56-44DF-8F3A-7A59B4FD4E50}"
EndProject
Global
	GlobalSection(SolutionConfigurationPlatforms) = preSolution
		Debug|Any CPU = Debug|Any CPU
		Release|Any CPU = Release|Any CPU
	EndGlobalSection
	GlobalSection(ProjectConfigurationPlatforms) = postSolution
		{4F01F7EA-4017-4591-A805-E91D2F299A5C}.Debug|Any CPU.ActiveCfg = Debug|Any CPU
		{4F01F7EA-4017-4591-A805-E91D2F299A5C}.Debug|Any CPU.Build.0 = Debug|Any CPU
		{4F01F7EA-4017-4591-A805-E91D2F299A5C}.Release|Any CPU.ActiveCfg = Release|Any CPU
		{4F01F7EA-4017-4591-A805-E91D2F299A5C}.Release|Any CPU.Build.0 = Release|Any CPU
		{3A37EA1C-3BB4-4D6F-A8F0-2BE377CEE273}.Debug|Any CPU.ActiveCfg = Debug|Any CPU
		{3A37EA1C-3BB4-4D6F-A8F0-2BE377CEE273}.Debug|Any CPU.Build.0 = Debug|Any CPU
		{3A37EA1C-3BB4-4D6F-A8F0-2BE377CEE273}.Release|Any CPU.ActiveCfg = Release|Any CPU
		{3A37EA1C-3BB4-4D6F-A8F0-2BE377CEE273}.Release|Any CPU.Build.0 = Release|Any CPU
		{17FB30E4-AE56-44DF-8F3A-7A59B4FD4E50}.Debug|Any CPU.ActiveCfg = Debug|Any CPU
		{17FB30E4-AE56-44DF-8F3A-7A59B4FD4E50}.Debug|Any CPU.Build.0 = Debug|Any CPU
		{17FB30E4-AE56-44DF-8F3A-7A59B4FD4E50}.Release|Any CPU.ActiveCfg = Release|Any CPU
		{17FB30E4-AE56-44DF-8F3A-7A59B4FD4E50}.Release|Any CPU.Build.0 = Release|Any CPU
	EndGlobalSection
	GlobalSection(SolutionProperties) = preSolution
		HideSolutionNode = FALSE
	EndGlobalSection
EndGlobal
