
Microsoft Visual Studio Solution File, Format Version 12.00
# Visual Studio 14
VisualStudioVersion = 14.0.23107.0
MinimumVisualStudioVersion = 10.0.40219.1
Project("{FAE04EC0-301F-11D3-BF4B-00C04F79EFBC}") = "Students", "Students\Students.csproj", "{C86591DC-B26E-4A6B-B3E8-165A3A42A99A}"
EndProject
Project("{FAE04EC0-301F-11D3-BF4B-00C04F79EFBC}") = "Articles", "Articles\Articles.csproj", "{5A5527B7-CC9E-48E5-A2A4-6C5C28F6E4A8}"
EndProject
Project("{FAE04EC0-301F-11D3-BF4B-00C04F79EFBC}") = "BiDictionary", "BiDictionary\BiDictionary.csproj", "{B3FB5457-80A6-485F-9A99-13959DDBE45B}"
EndProject
Global
	GlobalSection(SolutionConfigurationPlatforms) = preSolution
		Debug|Any CPU = Debug|Any CPU
		Release|Any CPU = Release|Any CPU
	EndGlobalSection
	GlobalSection(ProjectConfigurationPlatforms) = postSolution
		{C86591DC-B26E-4A6B-B3E8-165A3A42A99A}.Debug|Any CPU.ActiveCfg = Debug|Any CPU
		{C86591DC-B26E-4A6B-B3E8-165A3A42A99A}.Debug|Any CPU.Build.0 = Debug|Any CPU
		{C86591DC-B26E-4A6B-B3E8-165A3A42A99A}.Release|Any CPU.ActiveCfg = Release|Any CPU
		{C86591DC-B26E-4A6B-B3E8-165A3A42A99A}.Release|Any CPU.Build.0 = Release|Any CPU
		{5A5527B7-CC9E-48E5-A2A4-6C5C28F6E4A8}.Debug|Any CPU.ActiveCfg = Debug|Any CPU
		{5A5527B7-CC9E-48E5-A2A4-6C5C28F6E4A8}.Debug|Any CPU.Build.0 = Debug|Any CPU
		{5A5527B7-CC9E-48E5-A2A4-6C5C28F6E4A8}.Release|Any CPU.ActiveCfg = Release|Any CPU
		{5A5527B7-CC9E-48E5-A2A4-6C5C28F6E4A8}.Release|Any CPU.Build.0 = Release|Any CPU
		{B3FB5457-80A6-485F-9A99-13959DDBE45B}.Debug|Any CPU.ActiveCfg = Debug|Any CPU
		{B3FB5457-80A6-485F-9A99-13959DDBE45B}.Debug|Any CPU.Build.0 = Debug|Any CPU
		{B3FB5457-80A6-485F-9A99-13959DDBE45B}.Release|Any CPU.ActiveCfg = Release|Any CPU
		{B3FB5457-80A6-485F-9A99-13959DDBE45B}.Release|Any CPU.Build.0 = Release|Any CPU
	EndGlobalSection
	GlobalSection(SolutionProperties) = preSolution
		HideSolutionNode = FALSE
	EndGlobalSection
EndGlobal
