
Microsoft Visual Studio Solution File, Format Version 12.00
# Visual Studio 2013
VisualStudioVersion = 12.0.31101.0
MinimumVisualStudioVersion = 10.0.40219.1
Project("{FAE04EC0-301F-11D3-BF4B-00C04F79EFBC}") = "P01.CalculationProblem", "P01\P01.CalculationProblem.csproj", "{3887A5FE-721D-4955-B5A8-C1D50F8571F8}"
EndProject
Project("{FAE04EC0-301F-11D3-BF4B-00C04F79EFBC}") = "P02.EvenDifferences", "P02\P02.EvenDifferences.csproj", "{CFDF820B-49EA-4CF1-B7BF-226553070D83}"
EndProject
Project("{FAE04EC0-301F-11D3-BF4B-00C04F79EFBC}") = "P03.LoverOf3", "P03\P03.LoverOf3.csproj", "{0F93D1C2-C453-44B1-B9D2-81A2D2B7BB09}"
EndProject
Global
	GlobalSection(SolutionConfigurationPlatforms) = preSolution
		Debug|Any CPU = Debug|Any CPU
		Release|Any CPU = Release|Any CPU
	EndGlobalSection
	GlobalSection(ProjectConfigurationPlatforms) = postSolution
		{3887A5FE-721D-4955-B5A8-C1D50F8571F8}.Debug|Any CPU.ActiveCfg = Debug|Any CPU
		{3887A5FE-721D-4955-B5A8-C1D50F8571F8}.Debug|Any CPU.Build.0 = Debug|Any CPU
		{3887A5FE-721D-4955-B5A8-C1D50F8571F8}.Release|Any CPU.ActiveCfg = Release|Any CPU
		{3887A5FE-721D-4955-B5A8-C1D50F8571F8}.Release|Any CPU.Build.0 = Release|Any CPU
		{CFDF820B-49EA-4CF1-B7BF-226553070D83}.Debug|Any CPU.ActiveCfg = Debug|Any CPU
		{CFDF820B-49EA-4CF1-B7BF-226553070D83}.Debug|Any CPU.Build.0 = Debug|Any CPU
		{CFDF820B-49EA-4CF1-B7BF-226553070D83}.Release|Any CPU.ActiveCfg = Release|Any CPU
		{CFDF820B-49EA-4CF1-B7BF-226553070D83}.Release|Any CPU.Build.0 = Release|Any CPU
		{0F93D1C2-C453-44B1-B9D2-81A2D2B7BB09}.Debug|Any CPU.ActiveCfg = Debug|Any CPU
		{0F93D1C2-C453-44B1-B9D2-81A2D2B7BB09}.Debug|Any CPU.Build.0 = Debug|Any CPU
		{0F93D1C2-C453-44B1-B9D2-81A2D2B7BB09}.Release|Any CPU.ActiveCfg = Release|Any CPU
		{0F93D1C2-C453-44B1-B9D2-81A2D2B7BB09}.Release|Any CPU.Build.0 = Release|Any CPU
	EndGlobalSection
	GlobalSection(SolutionProperties) = preSolution
		HideSolutionNode = FALSE
	EndGlobalSection
EndGlobal
