
Microsoft Visual Studio Solution File, Format Version 12.00
# Visual Studio 2013
VisualStudioVersion = 12.0.31101.0
MinimumVisualStudioVersion = 10.0.40219.1
Project("{FAE04EC0-301F-11D3-BF4B-00C04F79EFBC}") = "01.OddOrEven", "01.OddOrEven\01.OddOrEven.csproj", "{18AF338D-78D9-4C80-B111-BEF864808F49}"
EndProject
Project("{FAE04EC0-301F-11D3-BF4B-00C04F79EFBC}") = "02.GravitationOnTheMoon", "02.GravitationOnTheMoon\02.GravitationOnTheMoon.csproj", "{6C9871D4-8F61-4B3D-9135-2D8663FEC2A5}"
EndProject
Project("{FAE04EC0-301F-11D3-BF4B-00C04F79EFBC}") = "03.DivideBy7and5", "03.DivideBy7and5\03.DivideBy7and5.csproj", "{37031D82-4FE1-4827-8EE9-641984C87F8B}"
EndProject
Project("{FAE04EC0-301F-11D3-BF4B-00C04F79EFBC}") = "04.Rectangles", "04.Rectangles\04.Rectangles.csproj", "{174C2D70-0E12-431A-92F3-2BDC882206F6}"
EndProject
Project("{FAE04EC0-301F-11D3-BF4B-00C04F79EFBC}") = "05.IsThirdDigit7", "05.IsThirdDigit7\05.IsThirdDigit7.csproj", "{BC2F31BD-CDFD-4470-9FC8-2508D96B84D8}"
EndProject
Project("{FAE04EC0-301F-11D3-BF4B-00C04F79EFBC}") = "06.FourDigitNum", "06.FourDigitNum\06.FourDigitNum.csproj", "{4A5536A8-1ACA-49D3-A5C9-C8750B2E0D72}"
EndProject
Project("{FAE04EC0-301F-11D3-BF4B-00C04F79EFBC}") = "07.IsPointInCircle", "07.IsPointInCircle\07.IsPointInCircle.csproj", "{CE03FFEA-7C6B-4CF1-A9C9-ECFEA236219A}"
EndProject
Project("{FAE04EC0-301F-11D3-BF4B-00C04F79EFBC}") = "08.IsPrime", "08.IsPrime\08.IsPrime.csproj", "{40FED39B-B6D5-473B-99CD-8C76EF11A485}"
EndProject
Project("{FAE04EC0-301F-11D3-BF4B-00C04F79EFBC}") = "09.TrapezoidArea", "09.TrapezoidArea\09.TrapezoidArea.csproj", "{A5259339-9B40-4DC1-83B0-2958D8BFCDD1}"
EndProject
Project("{FAE04EC0-301F-11D3-BF4B-00C04F79EFBC}") = "10.PointInCircleAndOutsOfRect", "10.PointInCircleAndOutsOfRect\10.PointInCircleAndOutsOfRect.csproj", "{1716F70F-B06C-42CE-8E4A-70C0CB2B3CFA}"
EndProject
Project("{FAE04EC0-301F-11D3-BF4B-00C04F79EFBC}") = "11.ExtractBitNo3", "11.ExtractBitNo3\11.ExtractBitNo3.csproj", "{6D443B7C-C8BE-4863-B914-DFE78C8175FE}"
EndProject
Project("{FAE04EC0-301F-11D3-BF4B-00C04F79EFBC}") = "12.ExtractBitAtPositionP", "12.ExtractBitAtPositionP\12.ExtractBitAtPositionP.csproj", "{2772BD36-0B85-4CCC-BD76-60A98FE73148}"
EndProject
Project("{FAE04EC0-301F-11D3-BF4B-00C04F79EFBC}") = "13.CheckBitAtPosition", "13.CheckBitAtPosition\13.CheckBitAtPosition.csproj", "{0365EF45-ED46-4221-B6DD-A7BF915EEEEB}"
EndProject
Project("{FAE04EC0-301F-11D3-BF4B-00C04F79EFBC}") = "14.ModifyBitAtPosition", "14.ModifyBitAtPosition\14.ModifyBitAtPosition.csproj", "{62253D30-27F0-4F42-9AB9-CAF95BEE6A5D}"
EndProject
Project("{FAE04EC0-301F-11D3-BF4B-00C04F79EFBC}") = "15.BitsExchange", "15.BitsExchange\15.BitsExchange.csproj", "{DA29A5A7-5A3F-4F97-B765-241BC3553140}"
EndProject
Project("{FAE04EC0-301F-11D3-BF4B-00C04F79EFBC}") = "16.BitExchaneAtPQK", "16.BitExchaneAtPQK\16.BitExchaneAtPQK.csproj", "{9A21F7BF-ABCB-4929-949A-494FA3278296}"
EndProject
Global
	GlobalSection(SolutionConfigurationPlatforms) = preSolution
		Debug|Any CPU = Debug|Any CPU
		Debug|ARM = Debug|ARM
		Debug|x64 = Debug|x64
		Debug|x86 = Debug|x86
		Release|Any CPU = Release|Any CPU
		Release|ARM = Release|ARM
		Release|x64 = Release|x64
		Release|x86 = Release|x86
	EndGlobalSection
	GlobalSection(ProjectConfigurationPlatforms) = postSolution
		{18AF338D-78D9-4C80-B111-BEF864808F49}.Debug|Any CPU.ActiveCfg = Debug|Any CPU
		{18AF338D-78D9-4C80-B111-BEF864808F49}.Debug|Any CPU.Build.0 = Debug|Any CPU
		{18AF338D-78D9-4C80-B111-BEF864808F49}.Debug|ARM.ActiveCfg = Debug|Any CPU
		{18AF338D-78D9-4C80-B111-BEF864808F49}.Debug|x64.ActiveCfg = Debug|Any CPU
		{18AF338D-78D9-4C80-B111-BEF864808F49}.Debug|x86.ActiveCfg = Debug|Any CPU
		{18AF338D-78D9-4C80-B111-BEF864808F49}.Release|Any CPU.ActiveCfg = Release|Any CPU
		{18AF338D-78D9-4C80-B111-BEF864808F49}.Release|Any CPU.Build.0 = Release|Any CPU
		{18AF338D-78D9-4C80-B111-BEF864808F49}.Release|ARM.ActiveCfg = Release|Any CPU
		{18AF338D-78D9-4C80-B111-BEF864808F49}.Release|x64.ActiveCfg = Release|Any CPU
		{18AF338D-78D9-4C80-B111-BEF864808F49}.Release|x86.ActiveCfg = Release|Any CPU
		{6C9871D4-8F61-4B3D-9135-2D8663FEC2A5}.Debug|Any CPU.ActiveCfg = Debug|Any CPU
		{6C9871D4-8F61-4B3D-9135-2D8663FEC2A5}.Debug|Any CPU.Build.0 = Debug|Any CPU
		{6C9871D4-8F61-4B3D-9135-2D8663FEC2A5}.Debug|ARM.ActiveCfg = Debug|Any CPU
		{6C9871D4-8F61-4B3D-9135-2D8663FEC2A5}.Debug|x64.ActiveCfg = Debug|Any CPU
		{6C9871D4-8F61-4B3D-9135-2D8663FEC2A5}.Debug|x86.ActiveCfg = Debug|Any CPU
		{6C9871D4-8F61-4B3D-9135-2D8663FEC2A5}.Release|Any CPU.ActiveCfg = Release|Any CPU
		{6C9871D4-8F61-4B3D-9135-2D8663FEC2A5}.Release|Any CPU.Build.0 = Release|Any CPU
		{6C9871D4-8F61-4B3D-9135-2D8663FEC2A5}.Release|ARM.ActiveCfg = Release|Any CPU
		{6C9871D4-8F61-4B3D-9135-2D8663FEC2A5}.Release|x64.ActiveCfg = Release|Any CPU
		{6C9871D4-8F61-4B3D-9135-2D8663FEC2A5}.Release|x86.ActiveCfg = Release|Any CPU
		{37031D82-4FE1-4827-8EE9-641984C87F8B}.Debug|Any CPU.ActiveCfg = Debug|Any CPU
		{37031D82-4FE1-4827-8EE9-641984C87F8B}.Debug|Any CPU.Build.0 = Debug|Any CPU
		{37031D82-4FE1-4827-8EE9-641984C87F8B}.Debug|ARM.ActiveCfg = Debug|Any CPU
		{37031D82-4FE1-4827-8EE9-641984C87F8B}.Debug|x64.ActiveCfg = Debug|Any CPU
		{37031D82-4FE1-4827-8EE9-641984C87F8B}.Debug|x86.ActiveCfg = Debug|Any CPU
		{37031D82-4FE1-4827-8EE9-641984C87F8B}.Release|Any CPU.ActiveCfg = Release|Any CPU
		{37031D82-4FE1-4827-8EE9-641984C87F8B}.Release|Any CPU.Build.0 = Release|Any CPU
		{37031D82-4FE1-4827-8EE9-641984C87F8B}.Release|ARM.ActiveCfg = Release|Any CPU
		{37031D82-4FE1-4827-8EE9-641984C87F8B}.Release|x64.ActiveCfg = Release|Any CPU
		{37031D82-4FE1-4827-8EE9-641984C87F8B}.Release|x86.ActiveCfg = Release|Any CPU
		{174C2D70-0E12-431A-92F3-2BDC882206F6}.Debug|Any CPU.ActiveCfg = Debug|Any CPU
		{174C2D70-0E12-431A-92F3-2BDC882206F6}.Debug|Any CPU.Build.0 = Debug|Any CPU
		{174C2D70-0E12-431A-92F3-2BDC882206F6}.Debug|ARM.ActiveCfg = Debug|Any CPU
		{174C2D70-0E12-431A-92F3-2BDC882206F6}.Debug|x64.ActiveCfg = Debug|Any CPU
		{174C2D70-0E12-431A-92F3-2BDC882206F6}.Debug|x86.ActiveCfg = Debug|Any CPU
		{174C2D70-0E12-431A-92F3-2BDC882206F6}.Release|Any CPU.ActiveCfg = Release|Any CPU
		{174C2D70-0E12-431A-92F3-2BDC882206F6}.Release|Any CPU.Build.0 = Release|Any CPU
		{174C2D70-0E12-431A-92F3-2BDC882206F6}.Release|ARM.ActiveCfg = Release|Any CPU
		{174C2D70-0E12-431A-92F3-2BDC882206F6}.Release|x64.ActiveCfg = Release|Any CPU
		{174C2D70-0E12-431A-92F3-2BDC882206F6}.Release|x86.ActiveCfg = Release|Any CPU
		{BC2F31BD-CDFD-4470-9FC8-2508D96B84D8}.Debug|Any CPU.ActiveCfg = Debug|Any CPU
		{BC2F31BD-CDFD-4470-9FC8-2508D96B84D8}.Debug|Any CPU.Build.0 = Debug|Any CPU
		{BC2F31BD-CDFD-4470-9FC8-2508D96B84D8}.Debug|ARM.ActiveCfg = Debug|Any CPU
		{BC2F31BD-CDFD-4470-9FC8-2508D96B84D8}.Debug|x64.ActiveCfg = Debug|Any CPU
		{BC2F31BD-CDFD-4470-9FC8-2508D96B84D8}.Debug|x86.ActiveCfg = Debug|Any CPU
		{BC2F31BD-CDFD-4470-9FC8-2508D96B84D8}.Release|Any CPU.ActiveCfg = Release|Any CPU
		{BC2F31BD-CDFD-4470-9FC8-2508D96B84D8}.Release|Any CPU.Build.0 = Release|Any CPU
		{BC2F31BD-CDFD-4470-9FC8-2508D96B84D8}.Release|ARM.ActiveCfg = Release|Any CPU
		{BC2F31BD-CDFD-4470-9FC8-2508D96B84D8}.Release|x64.ActiveCfg = Release|Any CPU
		{BC2F31BD-CDFD-4470-9FC8-2508D96B84D8}.Release|x86.ActiveCfg = Release|Any CPU
		{4A5536A8-1ACA-49D3-A5C9-C8750B2E0D72}.Debug|Any CPU.ActiveCfg = Debug|Any CPU
		{4A5536A8-1ACA-49D3-A5C9-C8750B2E0D72}.Debug|Any CPU.Build.0 = Debug|Any CPU
		{4A5536A8-1ACA-49D3-A5C9-C8750B2E0D72}.Debug|ARM.ActiveCfg = Debug|Any CPU
		{4A5536A8-1ACA-49D3-A5C9-C8750B2E0D72}.Debug|x64.ActiveCfg = Debug|Any CPU
		{4A5536A8-1ACA-49D3-A5C9-C8750B2E0D72}.Debug|x86.ActiveCfg = Debug|Any CPU
		{4A5536A8-1ACA-49D3-A5C9-C8750B2E0D72}.Release|Any CPU.ActiveCfg = Release|Any CPU
		{4A5536A8-1ACA-49D3-A5C9-C8750B2E0D72}.Release|Any CPU.Build.0 = Release|Any CPU
		{4A5536A8-1ACA-49D3-A5C9-C8750B2E0D72}.Release|ARM.ActiveCfg = Release|Any CPU
		{4A5536A8-1ACA-49D3-A5C9-C8750B2E0D72}.Release|x64.ActiveCfg = Release|Any CPU
		{4A5536A8-1ACA-49D3-A5C9-C8750B2E0D72}.Release|x86.ActiveCfg = Release|Any CPU
		{CE03FFEA-7C6B-4CF1-A9C9-ECFEA236219A}.Debug|Any CPU.ActiveCfg = Debug|Any CPU
		{CE03FFEA-7C6B-4CF1-A9C9-ECFEA236219A}.Debug|Any CPU.Build.0 = Debug|Any CPU
		{CE03FFEA-7C6B-4CF1-A9C9-ECFEA236219A}.Debug|ARM.ActiveCfg = Debug|Any CPU
		{CE03FFEA-7C6B-4CF1-A9C9-ECFEA236219A}.Debug|x64.ActiveCfg = Debug|Any CPU
		{CE03FFEA-7C6B-4CF1-A9C9-ECFEA236219A}.Debug|x86.ActiveCfg = Debug|Any CPU
		{CE03FFEA-7C6B-4CF1-A9C9-ECFEA236219A}.Release|Any CPU.ActiveCfg = Release|Any CPU
		{CE03FFEA-7C6B-4CF1-A9C9-ECFEA236219A}.Release|Any CPU.Build.0 = Release|Any CPU
		{CE03FFEA-7C6B-4CF1-A9C9-ECFEA236219A}.Release|ARM.ActiveCfg = Release|Any CPU
		{CE03FFEA-7C6B-4CF1-A9C9-ECFEA236219A}.Release|x64.ActiveCfg = Release|Any CPU
		{CE03FFEA-7C6B-4CF1-A9C9-ECFEA236219A}.Release|x86.ActiveCfg = Release|Any CPU
		{40FED39B-B6D5-473B-99CD-8C76EF11A485}.Debug|Any CPU.ActiveCfg = Debug|Any CPU
		{40FED39B-B6D5-473B-99CD-8C76EF11A485}.Debug|Any CPU.Build.0 = Debug|Any CPU
		{40FED39B-B6D5-473B-99CD-8C76EF11A485}.Debug|ARM.ActiveCfg = Debug|Any CPU
		{40FED39B-B6D5-473B-99CD-8C76EF11A485}.Debug|x64.ActiveCfg = Debug|Any CPU
		{40FED39B-B6D5-473B-99CD-8C76EF11A485}.Debug|x86.ActiveCfg = Debug|Any CPU
		{40FED39B-B6D5-473B-99CD-8C76EF11A485}.Release|Any CPU.ActiveCfg = Release|Any CPU
		{40FED39B-B6D5-473B-99CD-8C76EF11A485}.Release|Any CPU.Build.0 = Release|Any CPU
		{40FED39B-B6D5-473B-99CD-8C76EF11A485}.Release|ARM.ActiveCfg = Release|Any CPU
		{40FED39B-B6D5-473B-99CD-8C76EF11A485}.Release|x64.ActiveCfg = Release|Any CPU
		{40FED39B-B6D5-473B-99CD-8C76EF11A485}.Release|x86.ActiveCfg = Release|Any CPU
		{A5259339-9B40-4DC1-83B0-2958D8BFCDD1}.Debug|Any CPU.ActiveCfg = Debug|Any CPU
		{A5259339-9B40-4DC1-83B0-2958D8BFCDD1}.Debug|Any CPU.Build.0 = Debug|Any CPU
		{A5259339-9B40-4DC1-83B0-2958D8BFCDD1}.Debug|ARM.ActiveCfg = Debug|Any CPU
		{A5259339-9B40-4DC1-83B0-2958D8BFCDD1}.Debug|x64.ActiveCfg = Debug|Any CPU
		{A5259339-9B40-4DC1-83B0-2958D8BFCDD1}.Debug|x86.ActiveCfg = Debug|Any CPU
		{A5259339-9B40-4DC1-83B0-2958D8BFCDD1}.Release|Any CPU.ActiveCfg = Release|Any CPU
		{A5259339-9B40-4DC1-83B0-2958D8BFCDD1}.Release|Any CPU.Build.0 = Release|Any CPU
		{A5259339-9B40-4DC1-83B0-2958D8BFCDD1}.Release|ARM.ActiveCfg = Release|Any CPU
		{A5259339-9B40-4DC1-83B0-2958D8BFCDD1}.Release|x64.ActiveCfg = Release|Any CPU
		{A5259339-9B40-4DC1-83B0-2958D8BFCDD1}.Release|x86.ActiveCfg = Release|Any CPU
		{1716F70F-B06C-42CE-8E4A-70C0CB2B3CFA}.Debug|Any CPU.ActiveCfg = Debug|Any CPU
		{1716F70F-B06C-42CE-8E4A-70C0CB2B3CFA}.Debug|Any CPU.Build.0 = Debug|Any CPU
		{1716F70F-B06C-42CE-8E4A-70C0CB2B3CFA}.Debug|ARM.ActiveCfg = Debug|Any CPU
		{1716F70F-B06C-42CE-8E4A-70C0CB2B3CFA}.Debug|x64.ActiveCfg = Debug|Any CPU
		{1716F70F-B06C-42CE-8E4A-70C0CB2B3CFA}.Debug|x86.ActiveCfg = Debug|Any CPU
		{1716F70F-B06C-42CE-8E4A-70C0CB2B3CFA}.Release|Any CPU.ActiveCfg = Release|Any CPU
		{1716F70F-B06C-42CE-8E4A-70C0CB2B3CFA}.Release|Any CPU.Build.0 = Release|Any CPU
		{1716F70F-B06C-42CE-8E4A-70C0CB2B3CFA}.Release|ARM.ActiveCfg = Release|Any CPU
		{1716F70F-B06C-42CE-8E4A-70C0CB2B3CFA}.Release|x64.ActiveCfg = Release|Any CPU
		{1716F70F-B06C-42CE-8E4A-70C0CB2B3CFA}.Release|x86.ActiveCfg = Release|Any CPU
		{6D443B7C-C8BE-4863-B914-DFE78C8175FE}.Debug|Any CPU.ActiveCfg = Debug|Any CPU
		{6D443B7C-C8BE-4863-B914-DFE78C8175FE}.Debug|Any CPU.Build.0 = Debug|Any CPU
		{6D443B7C-C8BE-4863-B914-DFE78C8175FE}.Debug|ARM.ActiveCfg = Debug|Any CPU
		{6D443B7C-C8BE-4863-B914-DFE78C8175FE}.Debug|x64.ActiveCfg = Debug|Any CPU
		{6D443B7C-C8BE-4863-B914-DFE78C8175FE}.Debug|x86.ActiveCfg = Debug|Any CPU
		{6D443B7C-C8BE-4863-B914-DFE78C8175FE}.Release|Any CPU.ActiveCfg = Release|Any CPU
		{6D443B7C-C8BE-4863-B914-DFE78C8175FE}.Release|Any CPU.Build.0 = Release|Any CPU
		{6D443B7C-C8BE-4863-B914-DFE78C8175FE}.Release|ARM.ActiveCfg = Release|Any CPU
		{6D443B7C-C8BE-4863-B914-DFE78C8175FE}.Release|x64.ActiveCfg = Release|Any CPU
		{6D443B7C-C8BE-4863-B914-DFE78C8175FE}.Release|x86.ActiveCfg = Release|Any CPU
		{2772BD36-0B85-4CCC-BD76-60A98FE73148}.Debug|Any CPU.ActiveCfg = Debug|Any CPU
		{2772BD36-0B85-4CCC-BD76-60A98FE73148}.Debug|Any CPU.Build.0 = Debug|Any CPU
		{2772BD36-0B85-4CCC-BD76-60A98FE73148}.Debug|ARM.ActiveCfg = Debug|Any CPU
		{2772BD36-0B85-4CCC-BD76-60A98FE73148}.Debug|x64.ActiveCfg = Debug|Any CPU
		{2772BD36-0B85-4CCC-BD76-60A98FE73148}.Debug|x86.ActiveCfg = Debug|Any CPU
		{2772BD36-0B85-4CCC-BD76-60A98FE73148}.Release|Any CPU.ActiveCfg = Release|Any CPU
		{2772BD36-0B85-4CCC-BD76-60A98FE73148}.Release|Any CPU.Build.0 = Release|Any CPU
		{2772BD36-0B85-4CCC-BD76-60A98FE73148}.Release|ARM.ActiveCfg = Release|Any CPU
		{2772BD36-0B85-4CCC-BD76-60A98FE73148}.Release|x64.ActiveCfg = Release|Any CPU
		{2772BD36-0B85-4CCC-BD76-60A98FE73148}.Release|x86.ActiveCfg = Release|Any CPU
		{0365EF45-ED46-4221-B6DD-A7BF915EEEEB}.Debug|Any CPU.ActiveCfg = Debug|Any CPU
		{0365EF45-ED46-4221-B6DD-A7BF915EEEEB}.Debug|Any CPU.Build.0 = Debug|Any CPU
		{0365EF45-ED46-4221-B6DD-A7BF915EEEEB}.Debug|ARM.ActiveCfg = Debug|Any CPU
		{0365EF45-ED46-4221-B6DD-A7BF915EEEEB}.Debug|x64.ActiveCfg = Debug|Any CPU
		{0365EF45-ED46-4221-B6DD-A7BF915EEEEB}.Debug|x86.ActiveCfg = Debug|Any CPU
		{0365EF45-ED46-4221-B6DD-A7BF915EEEEB}.Release|Any CPU.ActiveCfg = Release|Any CPU
		{0365EF45-ED46-4221-B6DD-A7BF915EEEEB}.Release|Any CPU.Build.0 = Release|Any CPU
		{0365EF45-ED46-4221-B6DD-A7BF915EEEEB}.Release|ARM.ActiveCfg = Release|Any CPU
		{0365EF45-ED46-4221-B6DD-A7BF915EEEEB}.Release|x64.ActiveCfg = Release|Any CPU
		{0365EF45-ED46-4221-B6DD-A7BF915EEEEB}.Release|x86.ActiveCfg = Release|Any CPU
		{62253D30-27F0-4F42-9AB9-CAF95BEE6A5D}.Debug|Any CPU.ActiveCfg = Debug|Any CPU
		{62253D30-27F0-4F42-9AB9-CAF95BEE6A5D}.Debug|Any CPU.Build.0 = Debug|Any CPU
		{62253D30-27F0-4F42-9AB9-CAF95BEE6A5D}.Debug|ARM.ActiveCfg = Debug|Any CPU
		{62253D30-27F0-4F42-9AB9-CAF95BEE6A5D}.Debug|x64.ActiveCfg = Debug|Any CPU
		{62253D30-27F0-4F42-9AB9-CAF95BEE6A5D}.Debug|x86.ActiveCfg = Debug|Any CPU
		{62253D30-27F0-4F42-9AB9-CAF95BEE6A5D}.Release|Any CPU.ActiveCfg = Release|Any CPU
		{62253D30-27F0-4F42-9AB9-CAF95BEE6A5D}.Release|Any CPU.Build.0 = Release|Any CPU
		{62253D30-27F0-4F42-9AB9-CAF95BEE6A5D}.Release|ARM.ActiveCfg = Release|Any CPU
		{62253D30-27F0-4F42-9AB9-CAF95BEE6A5D}.Release|x64.ActiveCfg = Release|Any CPU
		{62253D30-27F0-4F42-9AB9-CAF95BEE6A5D}.Release|x86.ActiveCfg = Release|Any CPU
		{DA29A5A7-5A3F-4F97-B765-241BC3553140}.Debug|Any CPU.ActiveCfg = Debug|Any CPU
		{DA29A5A7-5A3F-4F97-B765-241BC3553140}.Debug|Any CPU.Build.0 = Debug|Any CPU
		{DA29A5A7-5A3F-4F97-B765-241BC3553140}.Debug|ARM.ActiveCfg = Debug|Any CPU
		{DA29A5A7-5A3F-4F97-B765-241BC3553140}.Debug|x64.ActiveCfg = Debug|Any CPU
		{DA29A5A7-5A3F-4F97-B765-241BC3553140}.Debug|x86.ActiveCfg = Debug|Any CPU
		{DA29A5A7-5A3F-4F97-B765-241BC3553140}.Release|Any CPU.ActiveCfg = Release|Any CPU
		{DA29A5A7-5A3F-4F97-B765-241BC3553140}.Release|Any CPU.Build.0 = Release|Any CPU
		{DA29A5A7-5A3F-4F97-B765-241BC3553140}.Release|ARM.ActiveCfg = Release|Any CPU
		{DA29A5A7-5A3F-4F97-B765-241BC3553140}.Release|x64.ActiveCfg = Release|Any CPU
		{DA29A5A7-5A3F-4F97-B765-241BC3553140}.Release|x86.ActiveCfg = Release|Any CPU
		{9A21F7BF-ABCB-4929-949A-494FA3278296}.Debug|Any CPU.ActiveCfg = Debug|Any CPU
		{9A21F7BF-ABCB-4929-949A-494FA3278296}.Debug|Any CPU.Build.0 = Debug|Any CPU
		{9A21F7BF-ABCB-4929-949A-494FA3278296}.Debug|ARM.ActiveCfg = Debug|Any CPU
		{9A21F7BF-ABCB-4929-949A-494FA3278296}.Debug|x64.ActiveCfg = Debug|Any CPU
		{9A21F7BF-ABCB-4929-949A-494FA3278296}.Debug|x86.ActiveCfg = Debug|Any CPU
		{9A21F7BF-ABCB-4929-949A-494FA3278296}.Release|Any CPU.ActiveCfg = Release|Any CPU
		{9A21F7BF-ABCB-4929-949A-494FA3278296}.Release|Any CPU.Build.0 = Release|Any CPU
		{9A21F7BF-ABCB-4929-949A-494FA3278296}.Release|ARM.ActiveCfg = Release|Any CPU
		{9A21F7BF-ABCB-4929-949A-494FA3278296}.Release|x64.ActiveCfg = Release|Any CPU
		{9A21F7BF-ABCB-4929-949A-494FA3278296}.Release|x86.ActiveCfg = Release|Any CPU
	EndGlobalSection
	GlobalSection(SolutionProperties) = preSolution
		HideSolutionNode = FALSE
	EndGlobalSection
EndGlobal
