
Microsoft Visual Studio Solution File, Format Version 12.00
# Visual Studio 14
VisualStudioVersion = 14.0.23107.0
MinimumVisualStudioVersion = 10.0.40219.1
Project("{FAE04EC0-301F-11D3-BF4B-00C04F79EFBC}") = "OccurrencesOfDouble", "OccurrencesOfDouble\OccurrencesOfDouble.csproj", "{C186179E-7E81-4ECA-A50C-0CA1ED13BF60}"
EndProject
Project("{FAE04EC0-301F-11D3-BF4B-00C04F79EFBC}") = "OddOccuredStrings", "OddOccuredStrings\OddOccuredStrings.csproj", "{563A6B8D-CFE4-40F6-A838-4375A5358AD1}"
EndProject
Project("{FAE04EC0-301F-11D3-BF4B-00C04F79EFBC}") = "WordsOccurrencies", "WordsOccurrencies\WordsOccurrencies.csproj", "{D70A3480-889E-4874-978C-DEE1F709CDF5}"
EndProject
Project("{FAE04EC0-301F-11D3-BF4B-00C04F79EFBC}") = "HashTable", "HashTable\HashTable.csproj", "{7205B427-8F14-46F0-81FE-3CFB6C1FA0B9}"
EndProject
Project("{FAE04EC0-301F-11D3-BF4B-00C04F79EFBC}") = "HashedSet", "HashedSet\HashedSet.csproj", "{E1D410C3-5149-4524-9EDA-91384ED7C35C}"
EndProject
Project("{FAE04EC0-301F-11D3-BF4B-00C04F79EFBC}") = "Tests", "Tests\Tests.csproj", "{D71771E2-AA3B-4B36-9B54-D2D9A6863EBC}"
EndProject
Global
	GlobalSection(SolutionConfigurationPlatforms) = preSolution
		Debug|Any CPU = Debug|Any CPU
		Release|Any CPU = Release|Any CPU
	EndGlobalSection
	GlobalSection(ProjectConfigurationPlatforms) = postSolution
		{C186179E-7E81-4ECA-A50C-0CA1ED13BF60}.Debug|Any CPU.ActiveCfg = Debug|Any CPU
		{C186179E-7E81-4ECA-A50C-0CA1ED13BF60}.Debug|Any CPU.Build.0 = Debug|Any CPU
		{C186179E-7E81-4ECA-A50C-0CA1ED13BF60}.Release|Any CPU.ActiveCfg = Release|Any CPU
		{C186179E-7E81-4ECA-A50C-0CA1ED13BF60}.Release|Any CPU.Build.0 = Release|Any CPU
		{563A6B8D-CFE4-40F6-A838-4375A5358AD1}.Debug|Any CPU.ActiveCfg = Debug|Any CPU
		{563A6B8D-CFE4-40F6-A838-4375A5358AD1}.Debug|Any CPU.Build.0 = Debug|Any CPU
		{563A6B8D-CFE4-40F6-A838-4375A5358AD1}.Release|Any CPU.ActiveCfg = Release|Any CPU
		{563A6B8D-CFE4-40F6-A838-4375A5358AD1}.Release|Any CPU.Build.0 = Release|Any CPU
		{D70A3480-889E-4874-978C-DEE1F709CDF5}.Debug|Any CPU.ActiveCfg = Debug|Any CPU
		{D70A3480-889E-4874-978C-DEE1F709CDF5}.Debug|Any CPU.Build.0 = Debug|Any CPU
		{D70A3480-889E-4874-978C-DEE1F709CDF5}.Release|Any CPU.ActiveCfg = Release|Any CPU
		{D70A3480-889E-4874-978C-DEE1F709CDF5}.Release|Any CPU.Build.0 = Release|Any CPU
		{7205B427-8F14-46F0-81FE-3CFB6C1FA0B9}.Debug|Any CPU.ActiveCfg = Debug|Any CPU
		{7205B427-8F14-46F0-81FE-3CFB6C1FA0B9}.Debug|Any CPU.Build.0 = Debug|Any CPU
		{7205B427-8F14-46F0-81FE-3CFB6C1FA0B9}.Release|Any CPU.ActiveCfg = Release|Any CPU
		{7205B427-8F14-46F0-81FE-3CFB6C1FA0B9}.Release|Any CPU.Build.0 = Release|Any CPU
		{E1D410C3-5149-4524-9EDA-91384ED7C35C}.Debug|Any CPU.ActiveCfg = Debug|Any CPU
		{E1D410C3-5149-4524-9EDA-91384ED7C35C}.Debug|Any CPU.Build.0 = Debug|Any CPU
		{E1D410C3-5149-4524-9EDA-91384ED7C35C}.Release|Any CPU.ActiveCfg = Release|Any CPU
		{E1D410C3-5149-4524-9EDA-91384ED7C35C}.Release|Any CPU.Build.0 = Release|Any CPU
		{D71771E2-AA3B-4B36-9B54-D2D9A6863EBC}.Debug|Any CPU.ActiveCfg = Debug|Any CPU
		{D71771E2-AA3B-4B36-9B54-D2D9A6863EBC}.Debug|Any CPU.Build.0 = Debug|Any CPU
		{D71771E2-AA3B-4B36-9B54-D2D9A6863EBC}.Release|Any CPU.ActiveCfg = Release|Any CPU
		{D71771E2-AA3B-4B36-9B54-D2D9A6863EBC}.Release|Any CPU.Build.0 = Release|Any CPU
	EndGlobalSection
	GlobalSection(SolutionProperties) = preSolution
		HideSolutionNode = FALSE
	EndGlobalSection
EndGlobal
