
Microsoft Visual Studio Solution File, Format Version 12.00
# Visual Studio 14
VisualStudioVersion = 14.0.23107.0
MinimumVisualStudioVersion = 10.0.40219.1
Project("{FAE04EC0-301F-11D3-BF4B-00C04F79EFBC}") = "StudentSystem.Entities", "StudentSystem.Entities\StudentSystem.Entities.csproj", "{CDF5C06A-2D81-4F30-8A0E-019B80673236}"
EndProject
Project("{FAE04EC0-301F-11D3-BF4B-00C04F79EFBC}") = "StudentSystem.Data", "StudentSystem.Data\StudentSystem.Data.csproj", "{EB2AE79C-DA63-4F4E-8CB5-CB3EE92E9987}"
EndProject
Project("{FAE04EC0-301F-11D3-BF4B-00C04F79EFBC}") = "StudentSystem.ConsoleClient", "StudentSystem.ConsoleClient\StudentSystem.ConsoleClient.csproj", "{585953EC-34E3-47A1-B137-5DF596464A01}"
EndProject
Global
	GlobalSection(SolutionConfigurationPlatforms) = preSolution
		Debug|Any CPU = Debug|Any CPU
		Release|Any CPU = Release|Any CPU
	EndGlobalSection
	GlobalSection(ProjectConfigurationPlatforms) = postSolution
		{CDF5C06A-2D81-4F30-8A0E-019B80673236}.Debug|Any CPU.ActiveCfg = Debug|Any CPU
		{CDF5C06A-2D81-4F30-8A0E-019B80673236}.Debug|Any CPU.Build.0 = Debug|Any CPU
		{CDF5C06A-2D81-4F30-8A0E-019B80673236}.Release|Any CPU.ActiveCfg = Release|Any CPU
		{CDF5C06A-2D81-4F30-8A0E-019B80673236}.Release|Any CPU.Build.0 = Release|Any CPU
		{EB2AE79C-DA63-4F4E-8CB5-CB3EE92E9987}.Debug|Any CPU.ActiveCfg = Debug|Any CPU
		{EB2AE79C-DA63-4F4E-8CB5-CB3EE92E9987}.Debug|Any CPU.Build.0 = Debug|Any CPU
		{EB2AE79C-DA63-4F4E-8CB5-CB3EE92E9987}.Release|Any CPU.ActiveCfg = Release|Any CPU
		{EB2AE79C-DA63-4F4E-8CB5-CB3EE92E9987}.Release|Any CPU.Build.0 = Release|Any CPU
		{585953EC-34E3-47A1-B137-5DF596464A01}.Debug|Any CPU.ActiveCfg = Debug|Any CPU
		{585953EC-34E3-47A1-B137-5DF596464A01}.Debug|Any CPU.Build.0 = Debug|Any CPU
		{585953EC-34E3-47A1-B137-5DF596464A01}.Release|Any CPU.ActiveCfg = Release|Any CPU
		{585953EC-34E3-47A1-B137-5DF596464A01}.Release|Any CPU.Build.0 = Release|Any CPU
	EndGlobalSection
	GlobalSection(SolutionProperties) = preSolution
		HideSolutionNode = FALSE
	EndGlobalSection
EndGlobal
